
Microsoft Visual Studio Solution File, Format Version 12.00
# Visual Studio 15
VisualStudioVersion = 15.0.26124.0
MinimumVisualStudioVersion = 15.0.26124.0
Project("{2150E333-8FDC-42A3-9474-1A3956D46DE8}") = "src", "src", "{C4F85143-2A86-4341-9735-394F78421C01}"
EndProject
Project("{FAE04EC0-301F-11D3-BF4B-00C04F79EFBC}") = "Artoo.Model", "src\Artoo.Model\Artoo.Model.csproj", "{80F9CBC8-5706-46E5-B325-E3D59236137E}"
EndProject
Global
	GlobalSection(SolutionConfigurationPlatforms) = preSolution
		Debug|Any CPU = Debug|Any CPU
		Debug|x64 = Debug|x64
		Debug|x86 = Debug|x86
		Release|Any CPU = Release|Any CPU
		Release|x64 = Release|x64
		Release|x86 = Release|x86
	EndGlobalSection
	GlobalSection(SolutionProperties) = preSolution
		HideSolutionNode = FALSE
	EndGlobalSection
	GlobalSection(ProjectConfigurationPlatforms) = postSolution
		{80F9CBC8-5706-46E5-B325-E3D59236137E}.Debug|Any CPU.ActiveCfg = Debug|Any CPU
		{80F9CBC8-5706-46E5-B325-E3D59236137E}.Debug|Any CPU.Build.0 = Debug|Any CPU
		{80F9CBC8-5706-46E5-B325-E3D59236137E}.Debug|x64.ActiveCfg = Debug|Any CPU
		{80F9CBC8-5706-46E5-B325-E3D59236137E}.Debug|x64.Build.0 = Debug|Any CPU
		{80F9CBC8-5706-46E5-B325-E3D59236137E}.Debug|x86.ActiveCfg = Debug|Any CPU
		{80F9CBC8-5706-46E5-B325-E3D59236137E}.Debug|x86.Build.0 = Debug|Any CPU
		{80F9CBC8-5706-46E5-B325-E3D59236137E}.Release|Any CPU.ActiveCfg = Release|Any CPU
		{80F9CBC8-5706-46E5-B325-E3D59236137E}.Release|Any CPU.Build.0 = Release|Any CPU
		{80F9CBC8-5706-46E5-B325-E3D59236137E}.Release|x64.ActiveCfg = Release|Any CPU
		{80F9CBC8-5706-46E5-B325-E3D59236137E}.Release|x64.Build.0 = Release|Any CPU
		{80F9CBC8-5706-46E5-B325-E3D59236137E}.Release|x86.ActiveCfg = Release|Any CPU
		{80F9CBC8-5706-46E5-B325-E3D59236137E}.Release|x86.Build.0 = Release|Any CPU
	EndGlobalSection
	GlobalSection(NestedProjects) = preSolution
		{80F9CBC8-5706-46E5-B325-E3D59236137E} = {C4F85143-2A86-4341-9735-394F78421C01}
	EndGlobalSection
EndGlobal
